
Microsoft Visual Studio Solution File, Format Version 12.00
# Visual Studio Version 17
VisualStudioVersion = 17.9.34714.143
MinimumVisualStudioVersion = 10.0.40219.1
Project("{FAE04EC0-301F-11D3-BF4B-00C04F79EFBC}") = "Sklep kibica", "Sklep kibica\Sklep kibica.csproj", "{63F56490-5434-43C3-B2AA-EC986228E985}"
EndProject
Global
	GlobalSection(SolutionConfigurationPlatforms) = preSolution
		Debug|Any CPU = Debug|Any CPU
		Release|Any CPU = Release|Any CPU
	EndGlobalSection
	GlobalSection(ProjectConfigurationPlatforms) = postSolution
		{63F56490-5434-43C3-B2AA-EC986228E985}.Debug|Any CPU.ActiveCfg = Debug|Any CPU
		{63F56490-5434-43C3-B2AA-EC986228E985}.Debug|Any CPU.Build.0 = Debug|Any CPU
		{63F56490-5434-43C3-B2AA-EC986228E985}.Release|Any CPU.ActiveCfg = Release|Any CPU
		{63F56490-5434-43C3-B2AA-EC986228E985}.Release|Any CPU.Build.0 = Release|Any CPU
	EndGlobalSection
	GlobalSection(SolutionProperties) = preSolution
		HideSolutionNode = FALSE
	EndGlobalSection
	GlobalSection(ExtensibilityGlobals) = postSolution
		SolutionGuid = {C896A269-0B63-45C2-AC47-C78EA2252486}
	EndGlobalSection
EndGlobal
